
Microsoft Visual Studio Solution File, Format Version 12.00
# Visual Studio Version 17
VisualStudioVersion = 17.11.35312.102
MinimumVisualStudioVersion = 10.0.40219.1
Project("{8BC9CEB8-8B4A-11D0-8D11-00A0C91BC942}") = "Task1", "Task1\Task1.vcxproj", "{7D8EBE43-0704-451D-9ED4-C436D2E6B90B}"
EndProject
Project("{8BC9CEB8-8B4A-11D0-8D11-00A0C91BC942}") = "Task2", "Task2\Task2.vcxproj", "{90FA0EC8-EEF6-4F21-8A27-F69A90C1A963}"
EndProject
Project("{8BC9CEB8-8B4A-11D0-8D11-00A0C91BC942}") = "Task3", "Task3\Task3.vcxproj", "{398BA219-8F71-49CB-8189-C7FB3A358DB4}"
EndProject
Project("{8BC9CEB8-8B4A-11D0-8D11-00A0C91BC942}") = "Task4", "Task4\Task4.vcxproj", "{918654BE-10B9-4EE4-91DA-EA652D8CB1D4}"
EndProject
Global
	GlobalSection(SolutionConfigurationPlatforms) = preSolution
		Debug|x64 = Debug|x64
		Debug|x86 = Debug|x86
		Release|x64 = Release|x64
		Release|x86 = Release|x86
	EndGlobalSection
	GlobalSection(ProjectConfigurationPlatforms) = postSolution
		{7D8EBE43-0704-451D-9ED4-C436D2E6B90B}.Debug|x64.ActiveCfg = Debug|x64
		{7D8EBE43-0704-451D-9ED4-C436D2E6B90B}.Debug|x64.Build.0 = Debug|x64
		{7D8EBE43-0704-451D-9ED4-C436D2E6B90B}.Debug|x86.ActiveCfg = Debug|Win32
		{7D8EBE43-0704-451D-9ED4-C436D2E6B90B}.Debug|x86.Build.0 = Debug|Win32
		{7D8EBE43-0704-451D-9ED4-C436D2E6B90B}.Release|x64.ActiveCfg = Release|x64
		{7D8EBE43-0704-451D-9ED4-C436D2E6B90B}.Release|x64.Build.0 = Release|x64
		{7D8EBE43-0704-451D-9ED4-C436D2E6B90B}.Release|x86.ActiveCfg = Release|Win32
		{7D8EBE43-0704-451D-9ED4-C436D2E6B90B}.Release|x86.Build.0 = Release|Win32
		{90FA0EC8-EEF6-4F21-8A27-F69A90C1A963}.Debug|x64.ActiveCfg = Debug|x64
		{90FA0EC8-EEF6-4F21-8A27-F69A90C1A963}.Debug|x64.Build.0 = Debug|x64
		{90FA0EC8-EEF6-4F21-8A27-F69A90C1A963}.Debug|x86.ActiveCfg = Debug|Win32
		{90FA0EC8-EEF6-4F21-8A27-F69A90C1A963}.Debug|x86.Build.0 = Debug|Win32
		{90FA0EC8-EEF6-4F21-8A27-F69A90C1A963}.Release|x64.ActiveCfg = Release|x64
		{90FA0EC8-EEF6-4F21-8A27-F69A90C1A963}.Release|x64.Build.0 = Release|x64
		{90FA0EC8-EEF6-4F21-8A27-F69A90C1A963}.Release|x86.ActiveCfg = Release|Win32
		{90FA0EC8-EEF6-4F21-8A27-F69A90C1A963}.Release|x86.Build.0 = Release|Win32
		{398BA219-8F71-49CB-8189-C7FB3A358DB4}.Debug|x64.ActiveCfg = Debug|x64
		{398BA219-8F71-49CB-8189-C7FB3A358DB4}.Debug|x64.Build.0 = Debug|x64
		{398BA219-8F71-49CB-8189-C7FB3A358DB4}.Debug|x86.ActiveCfg = Debug|Win32
		{398BA219-8F71-49CB-8189-C7FB3A358DB4}.Debug|x86.Build.0 = Debug|Win32
		{398BA219-8F71-49CB-8189-C7FB3A358DB4}.Release|x64.ActiveCfg = Release|x64
		{398BA219-8F71-49CB-8189-C7FB3A358DB4}.Release|x64.Build.0 = Release|x64
		{398BA219-8F71-49CB-8189-C7FB3A358DB4}.Release|x86.ActiveCfg = Release|Win32
		{398BA219-8F71-49CB-8189-C7FB3A358DB4}.Release|x86.Build.0 = Release|Win32
		{918654BE-10B9-4EE4-91DA-EA652D8CB1D4}.Debug|x64.ActiveCfg = Debug|x64
		{918654BE-10B9-4EE4-91DA-EA652D8CB1D4}.Debug|x64.Build.0 = Debug|x64
		{918654BE-10B9-4EE4-91DA-EA652D8CB1D4}.Debug|x86.ActiveCfg = Debug|Win32
		{918654BE-10B9-4EE4-91DA-EA652D8CB1D4}.Debug|x86.Build.0 = Debug|Win32
		{918654BE-10B9-4EE4-91DA-EA652D8CB1D4}.Release|x64.ActiveCfg = Release|x64
		{918654BE-10B9-4EE4-91DA-EA652D8CB1D4}.Release|x64.Build.0 = Release|x64
		{918654BE-10B9-4EE4-91DA-EA652D8CB1D4}.Release|x86.ActiveCfg = Release|Win32
		{918654BE-10B9-4EE4-91DA-EA652D8CB1D4}.Release|x86.Build.0 = Release|Win32
	EndGlobalSection
	GlobalSection(SolutionProperties) = preSolution
		HideSolutionNode = FALSE
	EndGlobalSection
	GlobalSection(ExtensibilityGlobals) = postSolution
		SolutionGuid = {6414A704-4BCD-42E6-9DCB-426FB47C085E}
	EndGlobalSection
EndGlobal
